// !$*UTF8*$!
{
	archiveVersion = 1;
	classes = {
	};
	objectVersion = 55;
	objects = {

/* Begin PBXBuildFile section */
		00D76B2947B8957E3BBD0107 /* Pods_lintTest.framework in Frameworks */ = {isa = PBXBuildFile; fileRef = 9E40B8CB2311C57B966693E8 /* Pods_lintTest.framework */; };
		02BADE7E28C1F2EF005A794C /* .swiftlint.yml in Resources */ = {isa = PBXBuildFile; fileRef = 02BADE7D28C1F2EF005A794C /* .swiftlint.yml */; };
		02BADE8028C20E81005A794C /* ViewController2.swift in Sources */ = {isa = PBXBuildFile; fileRef = 02BADE7F28C20E81005A794C /* ViewController2.swift */; };
		02CF351528C1F02300067F5E /* AppDelegate.swift in Sources */ = {isa = PBXBuildFile; fileRef = 02CF351428C1F02300067F5E /* AppDelegate.swift */; };
		02CF351728C1F02300067F5E /* SceneDelegate.swift in Sources */ = {isa = PBXBuildFile; fileRef = 02CF351628C1F02300067F5E /* SceneDelegate.swift */; };
		02CF351928C1F02300067F5E /* ViewController.swift in Sources */ = {isa = PBXBuildFile; fileRef = 02CF351828C1F02300067F5E /* ViewController.swift */; };
		02CF351C28C1F02300067F5E /* Main.storyboard in Resources */ = {isa = PBXBuildFile; fileRef = 02CF351A28C1F02300067F5E /* Main.storyboard */; };
		02CF351E28C1F02500067F5E /* Assets.xcassets in Resources */ = {isa = PBXBuildFile; fileRef = 02CF351D28C1F02500067F5E /* Assets.xcassets */; };
		02CF352128C1F02500067F5E /* LaunchScreen.storyboard in Resources */ = {isa = PBXBuildFile; fileRef = 02CF351F28C1F02500067F5E /* LaunchScreen.storyboard */; };
/* End PBXBuildFile section */

/* Begin PBXFileReference section */
		02BADE7D28C1F2EF005A794C /* .swiftlint.yml */ = {isa = PBXFileReference; lastKnownFileType = text.yaml; path = .swiftlint.yml; sourceTree = "<group>"; };
		02BADE7F28C20E81005A794C /* ViewController2.swift */ = {isa = PBXFileReference; lastKnownFileType = sourcecode.swift; path = ViewController2.swift; sourceTree = "<group>"; };
		02CF351128C1F02300067F5E /* lintTest.app */ = {isa = PBXFileReference; explicitFileType = wrapper.application; includeInIndex = 0; path = lintTest.app; sourceTree = BUILT_PRODUCTS_DIR; };
		02CF351428C1F02300067F5E /* AppDelegate.swift */ = {isa = PBXFileReference; lastKnownFileType = sourcecode.swift; path = AppDelegate.swift; sourceTree = "<group>"; };
		02CF351628C1F02300067F5E /* SceneDelegate.swift */ = {isa = PBXFileReference; lastKnownFileType = sourcecode.swift; path = SceneDelegate.swift; sourceTree = "<group>"; };
		02CF351828C1F02300067F5E /* ViewController.swift */ = {isa = PBXFileReference; lastKnownFileType = sourcecode.swift; path = ViewController.swift; sourceTree = "<group>"; };
		02CF351B28C1F02300067F5E /* Base */ = {isa = PBXFileReference; lastKnownFileType = file.storyboard; name = Base; path = Base.lproj/Main.storyboard; sourceTree = "<group>"; };
		02CF351D28C1F02500067F5E /* Assets.xcassets */ = {isa = PBXFileReference; lastKnownFileType = folder.assetcatalog; path = Assets.xcassets; sourceTree = "<group>"; };
		02CF352028C1F02500067F5E /* Base */ = {isa = PBXFileReference; lastKnownFileType = file.storyboard; name = Base; path = Base.lproj/LaunchScreen.storyboard; sourceTree = "<group>"; };
		02CF352228C1F02500067F5E /* Info.plist */ = {isa = PBXFileReference; lastKnownFileType = text.plist.xml; path = Info.plist; sourceTree = "<group>"; };
		1BAF49BB25699E1FF882A416 /* Pods-lintTest.release.xcconfig */ = {isa = PBXFileReference; includeInIndex = 1; lastKnownFileType = text.xcconfig; name = "Pods-lintTest.release.xcconfig"; path = "Target Support Files/Pods-lintTest/Pods-lintTest.release.xcconfig"; sourceTree = "<group>"; };
		288D2C29BD6BB5076AEF7B71 /* Pods-lintTest.debug.xcconfig */ = {isa = PBXFileReference; includeInIndex = 1; lastKnownFileType = text.xcconfig; name = "Pods-lintTest.debug.xcconfig"; path = "Target Support Files/Pods-lintTest/Pods-lintTest.debug.xcconfig"; sourceTree = "<group>"; };
		9E40B8CB2311C57B966693E8 /* Pods_lintTest.framework */ = {isa = PBXFileReference; explicitFileType = wrapper.framework; includeInIndex = 0; path = Pods_lintTest.framework; sourceTree = BUILT_PRODUCTS_DIR; };
/* End PBXFileReference section */

/* Begin PBXFrameworksBuildPhase section */
		02CF350E28C1F02300067F5E /* Frameworks */ = {
			isa = PBXFrameworksBuildPhase;
			buildActionMask = 2147483647;
			files = (
				00D76B2947B8957E3BBD0107 /* Pods_lintTest.framework in Frameworks */,
			);
			runOnlyForDeploymentPostprocessing = 0;
		};
/* End PBXFrameworksBuildPhase section */

/* Begin PBXGroup section */
		02CF350828C1F02300067F5E = {
			isa = PBXGroup;
			children = (
				02BADE7D28C1F2EF005A794C /* .swiftlint.yml */,
				02CF351328C1F02300067F5E /* lintTest */,
				02CF351228C1F02300067F5E /* Products */,
				CE465B62176D5491441F0E0C /* Pods */,
				DC38D23560599B942CFFEF7E /* Frameworks */,
			);
			sourceTree = "<group>";
		};
		02CF351228C1F02300067F5E /* Products */ = {
			isa = PBXGroup;
			children = (
				02CF351128C1F02300067F5E /* lintTest.app */,
			);
			name = Products;
			sourceTree = "<group>";
		};
		02CF351328C1F02300067F5E /* lintTest */ = {
			isa = PBXGroup;
			children = (
				02CF351428C1F02300067F5E /* AppDelegate.swift */,
				02CF351628C1F02300067F5E /* SceneDelegate.swift */,
				02CF351828C1F02300067F5E /* ViewController.swift */,
				02CF351A28C1F02300067F5E /* Main.storyboard */,
				02CF351D28C1F02500067F5E /* Assets.xcassets */,
				02CF351F28C1F02500067F5E /* LaunchScreen.storyboard */,
				02CF352228C1F02500067F5E /* Info.plist */,
				02BADE7F28C20E81005A794C /* ViewController2.swift */,
			);
			path = lintTest;
			sourceTree = "<group>";
		};
		CE465B62176D5491441F0E0C /* Pods */ = {
			isa = PBXGroup;
			children = (
				288D2C29BD6BB5076AEF7B71 /* Pods-lintTest.debug.xcconfig */,
				1BAF49BB25699E1FF882A416 /* Pods-lintTest.release.xcconfig */,
			);
			path = Pods;
			sourceTree = "<group>";
		};
		DC38D23560599B942CFFEF7E /* Frameworks */ = {
			isa = PBXGroup;
			children = (
				9E40B8CB2311C57B966693E8 /* Pods_lintTest.framework */,
			);
			name = Frameworks;
			sourceTree = "<group>";
		};
/* End PBXGroup section */

/* Begin PBXNativeTarget section */
		02CF351028C1F02300067F5E /* lintTest */ = {
			isa = PBXNativeTarget;
			buildConfigurationList = 02CF352528C1F02500067F5E /* Build configuration list for PBXNativeTarget "lintTest" */;
			buildPhases = (
				D169CBDCAF6656845088C077 /* [CP] Check Pods Manifest.lock */,
				02CF350D28C1F02300067F5E /* Sources */,
				02CF350E28C1F02300067F5E /* Frameworks */,
				02CF350F28C1F02300067F5E /* Resources */,
				02BADE7C28C1F1DA005A794C /* ShellScript */,
			);
			buildRules = (
			);
			dependencies = (
			);
			name = lintTest;
			productName = lintTest;
			productReference = 02CF351128C1F02300067F5E /* lintTest.app */;
			productType = "com.apple.product-type.application";
		};
/* End PBXNativeTarget section */

/* Begin PBXProject section */
		02CF350928C1F02300067F5E /* Project object */ = {
			isa = PBXProject;
			attributes = {
				BuildIndependentTargetsInParallel = 1;
				LastSwiftUpdateCheck = 1320;
				LastUpgradeCheck = 1320;
				TargetAttributes = {
					02CF351028C1F02300067F5E = {
						CreatedOnToolsVersion = 13.2.1;
					};
				};
			};
			buildConfigurationList = 02CF350C28C1F02300067F5E /* Build configuration list for PBXProject "lintTest" */;
			compatibilityVersion = "Xcode 13.0";
			developmentRegion = en;
			hasScannedForEncodings = 0;
			knownRegions = (
				en,
				Base,
			);
			mainGroup = 02CF350828C1F02300067F5E;
			productRefGroup = 02CF351228C1F02300067F5E /* Products */;
			projectDirPath = "";
			projectRoot = "";
			targets = (
				02CF351028C1F02300067F5E /* lintTest */,
			);
		};
/* End PBXProject section */

/* Begin PBXResourcesBuildPhase section */
		02CF350F28C1F02300067F5E /* Resources */ = {
			isa = PBXResourcesBuildPhase;
			buildActionMask = 2147483647;
			files = (
				02BADE7E28C1F2EF005A794C /* .swiftlint.yml in Resources */,
				02CF352128C1F02500067F5E /* LaunchScreen.storyboard in Resources */,
				02CF351E28C1F02500067F5E /* Assets.xcassets in Resources */,
				02CF351C28C1F02300067F5E /* Main.storyboard in Resources */,
			);
			runOnlyForDeploymentPostprocessing = 0;
		};
/* End PBXResourcesBuildPhase section */

/* Begin PBXShellScriptBuildPhase section */
		02BADE7C28C1F1DA005A794C /* ShellScript */ = {
			isa = PBXShellScriptBuildPhase;
			buildActionMask = 2147483647;
			files = (
			);
			inputFileListPaths = (
			);
			inputPaths = (
			);
			outputFileListPaths = (
			);
			outputPaths = (
			);
			runOnlyForDeploymentPostprocessing = 0;
			shellPath = /bin/sh;
			shellScript = "${PODS_ROOT}/SwiftLint/swiftlint\n\n";
		};
		D169CBDCAF6656845088C077 /* [CP] Check Pods Manifest.lock */ = {
			isa = PBXShellScriptBuildPhase;
			buildActionMask = 2147483647;
			files = (
			);
			inputFileListPaths = (
			);
			inputPaths = (
				"${PODS_PODFILE_DIR_PATH}/Podfile.lock",
				"${PODS_ROOT}/Manifest.lock",
			);
			name = "[CP] Check Pods Manifest.lock";
			outputFileListPaths = (
			);
			outputPaths = (
				"$(DERIVED_FILE_DIR)/Pods-lintTest-checkManifestLockResult.txt",
			);
			runOnlyForDeploymentPostprocessing = 0;
			shellPath = /bin/sh;
			shellScript = "diff \"${PODS_PODFILE_DIR_PATH}/Podfile.lock\" \"${PODS_ROOT}/Manifest.lock\" > /dev/null\nif [ $? != 0 ] ; then\n    # print error to STDERR\n    echo \"error: The sandbox is not in sync with the Podfile.lock. Run 'pod install' or update your CocoaPods installation.\" >&2\n    exit 1\nfi\n# This output is used by Xcode 'outputs' to avoid re-running this script phase.\necho \"SUCCESS\" > \"${SCRIPT_OUTPUT_FILE_0}\"\n";
			showEnvVarsInLog = 0;
		};
/* End PBXShellScriptBuildPhase section */

/* Begin PBXSourcesBuildPhase section */
		02CF350D28C1F02300067F5E /* Sources */ = {
			isa = PBXSourcesBuildPhase;
			buildActionMask = 2147483647;
			files = (
				02CF351928C1F02300067F5E /* ViewController.swift in Sources */,
				02BADE8028C20E81005A794C /* ViewController2.swift in Sources */,
				02CF351528C1F02300067F5E /* AppDelegate.swift in Sources */,
				02CF351728C1F02300067F5E /* SceneDelegate.swift in Sources */,
			);
			runOnlyForDeploymentPostprocessing = 0;
		};
/* End PBXSourcesBuildPhase section */

/* Begin PBXVariantGroup section */
		02CF351A28C1F02300067F5E /* Main.storyboard */ = {
			isa = PBXVariantGroup;
			children = (
				02CF351B28C1F02300067F5E /* Base */,
			);
			name = Main.storyboard;
			sourceTree = "<group>";
		};
		02CF351F28C1F02500067F5E /* LaunchScreen.storyboard */ = {
			isa = PBXVariantGroup;
			children = (
				02CF352028C1F02500067F5E /* Base */,
			);
			name = LaunchScreen.storyboard;
			sourceTree = "<group>";
		};
/* End PBXVariantGroup section */

/* Begin XCBuildConfiguration section */
		02CF352328C1F02500067F5E /* Debug */ = {
			isa = XCBuildConfiguration;
			buildSettings = {
				ALWAYS_SEARCH_USER_PATHS = NO;
				CLANG_ANALYZER_NONNULL = YES;
				CLANG_ANALYZER_NUMBER_OBJECT_CONVERSION = YES_AGGRESSIVE;
				CLANG_CXX_LANGUAGE_STANDARD = "gnu++17";
				CLANG_CXX_LIBRARY = "libc++";
				CLANG_ENABLE_MODULES = YES;
				CLANG_ENABLE_OBJC_ARC = YES;
				CLANG_ENABLE_OBJC_WEAK = YES;
				CLANG_WARN_BLOCK_CAPTURE_AUTORELEASING = YES;
				CLANG_WARN_BOOL_CONVERSION = YES;
				CLANG_WARN_COMMA = YES;
				CLANG_WARN_CONSTANT_CONVERSION = YES;
				CLANG_WARN_DEPRECATED_OBJC_IMPLEMENTATIONS = YES;
				CLANG_WARN_DIRECT_OBJC_ISA_USAGE = YES_ERROR;
				CLANG_WARN_DOCUMENTATION_COMMENTS = YES;
				CLANG_WARN_EMPTY_BODY = YES;
				CLANG_WARN_ENUM_CONVERSION = YES;
				CLANG_WARN_INFINITE_RECURSION = YES;
				CLANG_WARN_INT_CONVERSION = YES;
				CLANG_WARN_NON_LITERAL_NULL_CONVERSION = YES;
				CLANG_WARN_OBJC_IMPLICIT_RETAIN_SELF = YES;
				CLANG_WARN_OBJC_LITERAL_CONVERSION = YES;
				CLANG_WARN_OBJC_ROOT_CLASS = YES_ERROR;
				CLANG_WARN_QUOTED_INCLUDE_IN_FRAMEWORK_HEADER = YES;
				CLANG_WARN_RANGE_LOOP_ANALYSIS = YES;
				CLANG_WARN_STRICT_PROTOTYPES = YES;
				CLANG_WARN_SUSPICIOUS_MOVE = YES;
				CLANG_WARN_UNGUARDED_AVAILABILITY = YES_AGGRESSIVE;
				CLANG_WARN_UNREACHABLE_CODE = YES;
				CLANG_WARN__DUPLICATE_METHOD_MATCH = YES;
				COPY_PHASE_STRIP = NO;
				DEBUG_INFORMATION_FORMAT = dwarf;
				ENABLE_STRICT_OBJC_MSGSEND = YES;
				ENABLE_TESTABILITY = YES;
				GCC_C_LANGUAGE_STANDARD = gnu11;
				GCC_DYNAMIC_NO_PIC = NO;
				GCC_NO_COMMON_BLOCKS = YES;
				GCC_OPTIMIZATION_LEVEL = 0;
				GCC_PREPROCESSOR_DEFINITIONS = (
					"DEBUG=1",
					"$(inherited)",
				);
				GCC_WARN_64_TO_32_BIT_CONVERSION = YES;
				GCC_WARN_ABOUT_RETURN_TYPE = YES_ERROR;
				GCC_WARN_UNDECLARED_SELECTOR = YES;
				GCC_WARN_UNINITIALIZED_AUTOS = YES_AGGRESSIVE;
				GCC_WARN_UNUSED_FUNCTION = YES;
				GCC_WARN_UNUSED_VARIABLE = YES;
				IPHONEOS_DEPLOYMENT_TARGET = 15.2;
				MTL_ENABLE_DEBUG_INFO = INCLUDE_SOURCE;
				MTL_FAST_MATH = YES;
				ONLY_ACTIVE_ARCH = YES;
				SDKROOT = iphoneos;
				SWIFT_ACTIVE_COMPILATION_CONDITIONS = DEBUG;
				SWIFT_OPTIMIZATION_LEVEL = "-Onone";
			};
			name = Debug;
		};
		02CF352428C1F02500067F5E /* Release */ = {
			isa = XCBuildConfiguration;
			buildSettings = {
				ALWAYS_SEARCH_USER_PATHS = NO;
				CLANG_ANALYZER_NONNULL = YES;
				CLANG_ANALYZER_NUMBER_OBJECT_CONVERSION = YES_AGGRESSIVE;
				CLANG_CXX_LANGUAGE_STANDARD = "gnu++17";
				CLANG_CXX_LIBRARY = "libc++";
				CLANG_ENABLE_MODULES = YES;
				CLANG_ENABLE_OBJC_ARC = YES;
				CLANG_ENABLE_OBJC_WEAK = YES;
				CLANG_WARN_BLOCK_CAPTURE_AUTORELEASING = YES;
				CLANG_WARN_BOOL_CONVERSION = YES;
				CLANG_WARN_COMMA = YES;
				CLANG_WARN_CONSTANT_CONVERSION = YES;
				CLANG_WARN_DEPRECATED_OBJC_IMPLEMENTATIONS = YES;
				CLANG_WARN_DIRECT_OBJC_ISA_USAGE = YES_ERROR;
				CLANG_WARN_DOCUMENTATION_COMMENTS = YES;
				CLANG_WARN_EMPTY_BODY = YES;
				CLANG_WARN_ENUM_CONVERSION = YES;
				CLANG_WARN_INFINITE_RECURSION = YES;
				CLANG_WARN_INT_CONVERSION = YES;
				CLANG_WARN_NON_LITERAL_NULL_CONVERSION = YES;
				CLANG_WARN_OBJC_IMPLICIT_RETAIN_SELF = YES;
				CLANG_WARN_OBJC_LITERAL_CONVERSION = YES;
				CLANG_WARN_OBJC_ROOT_CLASS = YES_ERROR;
				CLANG_WARN_QUOTED_INCLUDE_IN_FRAMEWORK_HEADER = YES;
				CLANG_WARN_RANGE_LOOP_ANALYSIS = YES;
				CLANG_WARN_STRICT_PROTOTYPES = YES;
				CLANG_WARN_SUSPICIOUS_MOVE = YES;
				CLANG_WARN_UNGUARDED_AVAILABILITY = YES_AGGRESSIVE;
				CLANG_WARN_UNREACHABLE_CODE = YES;
				CLANG_WARN__DUPLICATE_METHOD_MATCH = YES;
				COPY_PHASE_STRIP = NO;
				DEBUG_INFORMATION_FORMAT = "dwarf-with-dsym";
				ENABLE_NS_ASSERTIONS = NO;
				ENABLE_STRICT_OBJC_MSGSEND = YES;
				GCC_C_LANGUAGE_STANDARD = gnu11;
				GCC_NO_COMMON_BLOCKS = YES;
				GCC_WARN_64_TO_32_BIT_CONVERSION = YES;
				GCC_WARN_ABOUT_RETURN_TYPE = YES_ERROR;
				GCC_WARN_UNDECLARED_SELECTOR = YES;
				GCC_WARN_UNINITIALIZED_AUTOS = YES_AGGRESSIVE;
				GCC_WARN_UNUSED_FUNCTION = YES;
				GCC_WARN_UNUSED_VARIABLE = YES;
				IPHONEOS_DEPLOYMENT_TARGET = 15.2;
				MTL_ENABLE_DEBUG_INFO = NO;
				MTL_FAST_MATH = YES;
				SDKROOT = iphoneos;
				SWIFT_COMPILATION_MODE = wholemodule;
				SWIFT_OPTIMIZATION_LEVEL = "-O";
				VALIDATE_PRODUCT = YES;
			};
			name = Release;
		};
		02CF352628C1F02500067F5E /* Debug */ = {
			isa = XCBuildConfiguration;
			baseConfigurationReference = 288D2C29BD6BB5076AEF7B71 /* Pods-lintTest.debug.xcconfig */;
			buildSettings = {
				ASSETCATALOG_COMPILER_APPICON_NAME = AppIcon;
				ASSETCATALOG_COMPILER_GLOBAL_ACCENT_COLOR_NAME = AccentColor;
				CODE_SIGN_STYLE = Automatic;
				CURRENT_PROJECT_VERSION = 1;
				DEVELOPMENT_TEAM = 6GM235HJ3Z;
				GENERATE_INFOPLIST_FILE = YES;
				INFOPLIST_FILE = lintTest/Info.plist;
				INFOPLIST_KEY_UIApplicationSupportsIndirectInputEvents = YES;
				INFOPLIST_KEY_UILaunchStoryboardName = LaunchScreen;
				INFOPLIST_KEY_UIMainStoryboardFile = Main;
				INFOPLIST_KEY_UISupportedInterfaceOrientations_iPad = "UIInterfaceOrientationPortrait UIInterfaceOrientationPortraitUpsideDown UIInterfaceOrientationLandscapeLeft UIInterfaceOrientationLandscapeRight";
				INFOPLIST_KEY_UISupportedInterfaceOrientations_iPhone = "UIInterfaceOrientationPortrait UIInterfaceOrientationLandscapeLeft UIInterfaceOrientationLandscapeRight";
				LD_RUNPATH_SEARCH_PATHS = (
					"$(inherited)",
					"@executable_path/Frameworks",
				);
				MARKETING_VERSION = 1.0;
				PRODUCT_BUNDLE_IDENTIFIER = net.hyeonji.lintTest;
				PRODUCT_NAME = "$(TARGET_NAME)";
				SWIFT_EMIT_LOC_STRINGS = YES;
				SWIFT_VERSION = 5.0;
				TARGETED_DEVICE_FAMILY = "1,2";
			};
			name = Debug;
		};
		02CF352728C1F02500067F5E /* Release */ = {
			isa = XCBuildConfiguration;
			baseConfigurationReference = 1BAF49BB25699E1FF882A416 /* Pods-lintTest.release.xcconfig */;
			buildSettings = {
				ASSETCATALOG_COMPILER_APPICON_NAME = AppIcon;
				ASSETCATALOG_COMPILER_GLOBAL_ACCENT_COLOR_NAME = AccentColor;
				CODE_SIGN_STYLE = Automatic;
				CURRENT_PROJECT_VERSION = 1;
				DEVELOPMENT_TEAM = 6GM235HJ3Z;
				GENERATE_INFOPLIST_FILE = YES;
				INFOPLIST_FILE = lintTest/Info.plist;
				INFOPLIST_KEY_UIApplicationSupportsIndirectInputEvents = YES;
				INFOPLIST_KEY_UILaunchStoryboardName = LaunchScreen;
				INFOPLIST_KEY_UIMainStoryboardFile = Main;
				INFOPLIST_KEY_UISupportedInterfaceOrientations_iPad = "UIInterfaceOrientationPortrait UIInterfaceOrientationPortraitUpsideDown UIInterfaceOrientationLandscapeLeft UIInterfaceOrientationLandscapeRight";
				INFOPLIST_KEY_UISupportedInterfaceOrientations_iPhone = "UIInterfaceOrientationPortrait UIInterfaceOrientationLandscapeLeft UIInterfaceOrientationLandscapeRight";
				LD_RUNPATH_SEARCH_PATHS = (
					"$(inherited)",
					"@executable_path/Frameworks",
				);
				MARKETING_VERSION = 1.0;
				PRODUCT_BUNDLE_IDENTIFIER = net.hyeonji.lintTest;
				PRODUCT_NAME = "$(TARGET_NAME)";
				SWIFT_EMIT_LOC_STRINGS = YES;
				SWIFT_VERSION = 5.0;
				TARGETED_DEVICE_FAMILY = "1,2";
			};
			name = Release;
		};
/* End XCBuildConfiguration section */

/* Begin XCConfigurationList section */
		02CF350C28C1F02300067F5E /* Build configuration list for PBXProject "lintTest" */ = {
			isa = XCConfigurationList;
			buildConfigurations = (
				02CF352328C1F02500067F5E /* Debug */,
				02CF352428C1F02500067F5E /* Release */,
			);
			defaultConfigurationIsVisible = 0;
			defaultConfigurationName = Release;
		};
		02CF352528C1F02500067F5E /* Build configuration list for PBXNativeTarget "lintTest" */ = {
			isa = XCConfigurationList;
			buildConfigurations = (
				02CF352628C1F02500067F5E /* Debug */,
				02CF352728C1F02500067F5E /* Release */,
			);
			defaultConfigurationIsVisible = 0;
			defaultConfigurationName = Release;
		};
/* End XCConfigurationList section */
	};
	rootObject = 02CF350928C1F02300067F5E /* Project object */;
}
